// !$*UTF8*$!
{
	archiveVersion = 1;
	classes = {
	};
	objectVersion = 46;
	objects = {

/* Begin PBXBuildFile section */
		6DDBB0A22BB543DDAFF20B1F /* libPods-DPAdditionsDemoTests.a in Frameworks */ = {isa = PBXBuildFile; fileRef = 3797FA7D884A4FC2A8F3BFF2 /* libPods-DPAdditionsDemoTests.a */; };
		7125D817182D4D2B009E57DE /* DPFoundationAdditionsSpecs.m in Sources */ = {isa = PBXBuildFile; fileRef = 7125D816182D4D2B009E57DE /* DPFoundationAdditionsSpecs.m */; };
		7126B0FA183313C4008C88F4 /* NSUserDefaults+DPAdditions.m in Sources */ = {isa = PBXBuildFile; fileRef = 7126B0F9183313C4008C88F4 /* NSUserDefaults+DPAdditions.m */; };
		713BCF1A18388673003103AF /* UITabBar+DPAdditions.m in Sources */ = {isa = PBXBuildFile; fileRef = 713BCF1918388673003103AF /* UITabBar+DPAdditions.m */; };
		71542CA518326A6C0044C631 /* AFHTTPSessionManager+DPAFAdditions.m in Sources */ = {isa = PBXBuildFile; fileRef = 71542CA418326A6C0044C631 /* AFHTTPSessionManager+DPAFAdditions.m */; };
		71542CA918327EA10044C631 /* UITableView+DPAdditions.m in Sources */ = {isa = PBXBuildFile; fileRef = 71542CA818327EA10044C631 /* UITableView+DPAdditions.m */; };
		716AA32D183076CB00FD7C66 /* UITextField+DPRACAdditions.m in Sources */ = {isa = PBXBuildFile; fileRef = 716AA32C183076CB00FD7C66 /* UITextField+DPRACAdditions.m */; };
		716DAD66182CAA1B001C4773 /* Foundation.framework in Frameworks */ = {isa = PBXBuildFile; fileRef = 716DAD65182CAA1B001C4773 /* Foundation.framework */; };
		716DAD68182CAA1B001C4773 /* CoreGraphics.framework in Frameworks */ = {isa = PBXBuildFile; fileRef = 716DAD67182CAA1B001C4773 /* CoreGraphics.framework */; };
		716DAD6A182CAA1B001C4773 /* UIKit.framework in Frameworks */ = {isa = PBXBuildFile; fileRef = 716DAD69182CAA1B001C4773 /* UIKit.framework */; };
		716DAD70182CAA1B001C4773 /* InfoPlist.strings in Resources */ = {isa = PBXBuildFile; fileRef = 716DAD6E182CAA1B001C4773 /* InfoPlist.strings */; };
		716DAD72182CAA1B001C4773 /* main.m in Sources */ = {isa = PBXBuildFile; fileRef = 716DAD71182CAA1B001C4773 /* main.m */; };
		716DAD76182CAA1B001C4773 /* DPAppDelegate.m in Sources */ = {isa = PBXBuildFile; fileRef = 716DAD75182CAA1B001C4773 /* DPAppDelegate.m */; };
		716DAD78182CAA1B001C4773 /* Images.xcassets in Resources */ = {isa = PBXBuildFile; fileRef = 716DAD77182CAA1B001C4773 /* Images.xcassets */; };
		716DAD7F182CAA1B001C4773 /* XCTest.framework in Frameworks */ = {isa = PBXBuildFile; fileRef = 716DAD7E182CAA1B001C4773 /* XCTest.framework */; };
		716DAD80182CAA1B001C4773 /* Foundation.framework in Frameworks */ = {isa = PBXBuildFile; fileRef = 716DAD65182CAA1B001C4773 /* Foundation.framework */; };
		716DAD81182CAA1B001C4773 /* UIKit.framework in Frameworks */ = {isa = PBXBuildFile; fileRef = 716DAD69182CAA1B001C4773 /* UIKit.framework */; };
		716DAD89182CAA1B001C4773 /* InfoPlist.strings in Resources */ = {isa = PBXBuildFile; fileRef = 716DAD87182CAA1B001C4773 /* InfoPlist.strings */; };
		716DAD9C182CAC38001C4773 /* NSString+DPAdditions.m in Sources */ = {isa = PBXBuildFile; fileRef = 716DAD9B182CAC38001C4773 /* NSString+DPAdditions.m */; };
		716DAD9F182CAE6D001C4773 /* UIBarButtonItem+DPAdditions.m in Sources */ = {isa = PBXBuildFile; fileRef = 716DAD9E182CAE6D001C4773 /* UIBarButtonItem+DPAdditions.m */; };
		718B4A74182D1A0E00B8006E /* RACSignal+DPRACAdditions.m in Sources */ = {isa = PBXBuildFile; fileRef = 718B4A73182D1A0E00B8006E /* RACSignal+DPRACAdditions.m */; };
		718B7B55182D6C530047CEB1 /* DPUIKitAdditionsSpecs.m in Sources */ = {isa = PBXBuildFile; fileRef = 718B7B54182D6C530047CEB1 /* DPUIKitAdditionsSpecs.m */; };
		71A97139183890B70095B87C /* CGGeometry+DPAdditions.m in Sources */ = {isa = PBXBuildFile; fileRef = 71A97138183890B70095B87C /* CGGeometry+DPAdditions.m */; };
		71D2E3BD182F2DDE00A3F3C8 /* UIColor+DPAdditions.m in Sources */ = {isa = PBXBuildFile; fileRef = 71D2E3BC182F2DDE00A3F3C8 /* UIColor+DPAdditions.m */; };
		DE14A6150E174BFBABD3BCED /* libPods-DPAdditionsDemo.a in Frameworks */ = {isa = PBXBuildFile; fileRef = E49F5805023C4F928FF3804F /* libPods-DPAdditionsDemo.a */; };
/* End PBXBuildFile section */

/* Begin PBXContainerItemProxy section */
		716DAD82182CAA1B001C4773 /* PBXContainerItemProxy */ = {
			isa = PBXContainerItemProxy;
			containerPortal = 716DAD5A182CAA1B001C4773 /* Project object */;
			proxyType = 1;
			remoteGlobalIDString = 716DAD61182CAA1B001C4773;
			remoteInfo = DPAdditionsDemo;
		};
/* End PBXContainerItemProxy section */

/* Begin PBXFileReference section */
		22AC8A575967438ABAD3E219 /* Pods-DPAdditionsDemo.xcconfig */ = {isa = PBXFileReference; includeInIndex = 1; lastKnownFileType = text.xcconfig; name = "Pods-DPAdditionsDemo.xcconfig"; path = "Pods/Pods-DPAdditionsDemo.xcconfig"; sourceTree = "<group>"; };
		3797FA7D884A4FC2A8F3BFF2 /* libPods-DPAdditionsDemoTests.a */ = {isa = PBXFileReference; explicitFileType = archive.ar; includeInIndex = 0; path = "libPods-DPAdditionsDemoTests.a"; sourceTree = BUILT_PRODUCTS_DIR; };
		7125D816182D4D2B009E57DE /* DPFoundationAdditionsSpecs.m */ = {isa = PBXFileReference; fileEncoding = 4; lastKnownFileType = sourcecode.c.objc; path = DPFoundationAdditionsSpecs.m; sourceTree = "<group>"; };
		7126B0F8183313C4008C88F4 /* NSUserDefaults+DPAdditions.h */ = {isa = PBXFileReference; fileEncoding = 4; lastKnownFileType = sourcecode.c.h; path = "NSUserDefaults+DPAdditions.h"; sourceTree = "<group>"; };
		7126B0F9183313C4008C88F4 /* NSUserDefaults+DPAdditions.m */ = {isa = PBXFileReference; fileEncoding = 4; lastKnownFileType = sourcecode.c.objc; path = "NSUserDefaults+DPAdditions.m"; sourceTree = "<group>"; };
		713BCF1818388673003103AF /* UITabBar+DPAdditions.h */ = {isa = PBXFileReference; fileEncoding = 4; lastKnownFileType = sourcecode.c.h; path = "UITabBar+DPAdditions.h"; sourceTree = "<group>"; };
		713BCF1918388673003103AF /* UITabBar+DPAdditions.m */ = {isa = PBXFileReference; fileEncoding = 4; lastKnownFileType = sourcecode.c.objc; path = "UITabBar+DPAdditions.m"; sourceTree = "<group>"; };
		71542CA318326A6C0044C631 /* AFHTTPSessionManager+DPAFAdditions.h */ = {isa = PBXFileReference; fileEncoding = 4; lastKnownFileType = sourcecode.c.h; path = "AFHTTPSessionManager+DPAFAdditions.h"; sourceTree = "<group>"; };
		71542CA418326A6C0044C631 /* AFHTTPSessionManager+DPAFAdditions.m */ = {isa = PBXFileReference; fileEncoding = 4; lastKnownFileType = sourcecode.c.objc; path = "AFHTTPSessionManager+DPAFAdditions.m"; sourceTree = "<group>"; };
		71542CA618326A820044C631 /* AFNetworking+DPAdditions.h */ = {isa = PBXFileReference; lastKnownFileType = sourcecode.c.h; path = "AFNetworking+DPAdditions.h"; sourceTree = "<group>"; };
		71542CA718327EA10044C631 /* UITableView+DPAdditions.h */ = {isa = PBXFileReference; fileEncoding = 4; lastKnownFileType = sourcecode.c.h; path = "UITableView+DPAdditions.h"; sourceTree = "<group>"; };
		71542CA818327EA10044C631 /* UITableView+DPAdditions.m */ = {isa = PBXFileReference; fileEncoding = 4; lastKnownFileType = sourcecode.c.objc; path = "UITableView+DPAdditions.m"; sourceTree = "<group>"; };
		716AA32B183076CB00FD7C66 /* UITextField+DPRACAdditions.h */ = {isa = PBXFileReference; fileEncoding = 4; lastKnownFileType = sourcecode.c.h; path = "UITextField+DPRACAdditions.h"; sourceTree = "<group>"; };
		716AA32C183076CB00FD7C66 /* UITextField+DPRACAdditions.m */ = {isa = PBXFileReference; fileEncoding = 4; lastKnownFileType = sourcecode.c.objc; path = "UITextField+DPRACAdditions.m"; sourceTree = "<group>"; };
		716AA32E183079A200FD7C66 /* ReactiveCocoa+DPAdditions.h */ = {isa = PBXFileReference; lastKnownFileType = sourcecode.c.h; path = "ReactiveCocoa+DPAdditions.h"; sourceTree = "<group>"; };
		716DAD62182CAA1B001C4773 /* DPAdditionsDemo.app */ = {isa = PBXFileReference; explicitFileType = wrapper.application; includeInIndex = 0; path = DPAdditionsDemo.app; sourceTree = BUILT_PRODUCTS_DIR; };
		716DAD65182CAA1B001C4773 /* Foundation.framework */ = {isa = PBXFileReference; lastKnownFileType = wrapper.framework; name = Foundation.framework; path = System/Library/Frameworks/Foundation.framework; sourceTree = SDKROOT; };
		716DAD67182CAA1B001C4773 /* CoreGraphics.framework */ = {isa = PBXFileReference; lastKnownFileType = wrapper.framework; name = CoreGraphics.framework; path = System/Library/Frameworks/CoreGraphics.framework; sourceTree = SDKROOT; };
		716DAD69182CAA1B001C4773 /* UIKit.framework */ = {isa = PBXFileReference; lastKnownFileType = wrapper.framework; name = UIKit.framework; path = System/Library/Frameworks/UIKit.framework; sourceTree = SDKROOT; };
		716DAD6D182CAA1B001C4773 /* DPAdditionsDemo-Info.plist */ = {isa = PBXFileReference; lastKnownFileType = text.plist.xml; path = "DPAdditionsDemo-Info.plist"; sourceTree = "<group>"; };
		716DAD6F182CAA1B001C4773 /* en */ = {isa = PBXFileReference; lastKnownFileType = text.plist.strings; name = en; path = en.lproj/InfoPlist.strings; sourceTree = "<group>"; };
		716DAD71182CAA1B001C4773 /* main.m */ = {isa = PBXFileReference; lastKnownFileType = sourcecode.c.objc; path = main.m; sourceTree = "<group>"; };
		716DAD73182CAA1B001C4773 /* DPAdditionsDemo-Prefix.pch */ = {isa = PBXFileReference; lastKnownFileType = sourcecode.c.h; path = "DPAdditionsDemo-Prefix.pch"; sourceTree = "<group>"; };
		716DAD74182CAA1B001C4773 /* DPAppDelegate.h */ = {isa = PBXFileReference; lastKnownFileType = sourcecode.c.h; path = DPAppDelegate.h; sourceTree = "<group>"; };
		716DAD75182CAA1B001C4773 /* DPAppDelegate.m */ = {isa = PBXFileReference; lastKnownFileType = sourcecode.c.objc; path = DPAppDelegate.m; sourceTree = "<group>"; };
		716DAD77182CAA1B001C4773 /* Images.xcassets */ = {isa = PBXFileReference; lastKnownFileType = folder.assetcatalog; path = Images.xcassets; sourceTree = "<group>"; };
		716DAD7D182CAA1B001C4773 /* DPAdditionsDemoTests.xctest */ = {isa = PBXFileReference; explicitFileType = wrapper.cfbundle; includeInIndex = 0; path = DPAdditionsDemoTests.xctest; sourceTree = BUILT_PRODUCTS_DIR; };
		716DAD7E182CAA1B001C4773 /* XCTest.framework */ = {isa = PBXFileReference; lastKnownFileType = wrapper.framework; name = XCTest.framework; path = Library/Frameworks/XCTest.framework; sourceTree = DEVELOPER_DIR; };
		716DAD86182CAA1B001C4773 /* DPAdditionsDemoTests-Info.plist */ = {isa = PBXFileReference; lastKnownFileType = text.plist.xml; path = "DPAdditionsDemoTests-Info.plist"; sourceTree = "<group>"; };
		716DAD88182CAA1B001C4773 /* en */ = {isa = PBXFileReference; lastKnownFileType = text.plist.strings; name = en; path = en.lproj/InfoPlist.strings; sourceTree = "<group>"; };
		716DAD97182CABB9001C4773 /* DPAdditions.h */ = {isa = PBXFileReference; lastKnownFileType = sourcecode.c.h; path = DPAdditions.h; sourceTree = "<group>"; };
		716DAD98182CAC04001C4773 /* Foundation+DPAdditions.h */ = {isa = PBXFileReference; lastKnownFileType = sourcecode.c.h; path = "Foundation+DPAdditions.h"; sourceTree = "<group>"; };
		716DAD99182CAC14001C4773 /* UIKit+DPAdditions.h */ = {isa = PBXFileReference; lastKnownFileType = sourcecode.c.h; path = "UIKit+DPAdditions.h"; sourceTree = "<group>"; };
		716DAD9A182CAC38001C4773 /* NSString+DPAdditions.h */ = {isa = PBXFileReference; fileEncoding = 4; lastKnownFileType = sourcecode.c.h; path = "NSString+DPAdditions.h"; sourceTree = "<group>"; };
		716DAD9B182CAC38001C4773 /* NSString+DPAdditions.m */ = {isa = PBXFileReference; fileEncoding = 4; lastKnownFileType = sourcecode.c.objc; path = "NSString+DPAdditions.m"; sourceTree = "<group>"; };
		716DAD9D182CAE6D001C4773 /* UIBarButtonItem+DPAdditions.h */ = {isa = PBXFileReference; fileEncoding = 4; lastKnownFileType = sourcecode.c.h; path = "UIBarButtonItem+DPAdditions.h"; sourceTree = "<group>"; };
		716DAD9E182CAE6D001C4773 /* UIBarButtonItem+DPAdditions.m */ = {isa = PBXFileReference; fileEncoding = 4; lastKnownFileType = sourcecode.c.objc; path = "UIBarButtonItem+DPAdditions.m"; sourceTree = "<group>"; };
		718B4A72182D1A0E00B8006E /* RACSignal+DPRACAdditions.h */ = {isa = PBXFileReference; fileEncoding = 4; lastKnownFileType = sourcecode.c.h; path = "RACSignal+DPRACAdditions.h"; sourceTree = "<group>"; };
		718B4A73182D1A0E00B8006E /* RACSignal+DPRACAdditions.m */ = {isa = PBXFileReference; fileEncoding = 4; lastKnownFileType = sourcecode.c.objc; path = "RACSignal+DPRACAdditions.m"; sourceTree = "<group>"; };
		718B7B54182D6C530047CEB1 /* DPUIKitAdditionsSpecs.m */ = {isa = PBXFileReference; fileEncoding = 4; lastKnownFileType = sourcecode.c.objc; path = DPUIKitAdditionsSpecs.m; sourceTree = "<group>"; };
		71A97137183890B70095B87C /* CGGeometry+DPAdditions.h */ = {isa = PBXFileReference; fileEncoding = 4; lastKnownFileType = sourcecode.c.h; path = "CGGeometry+DPAdditions.h"; sourceTree = "<group>"; };
		71A97138183890B70095B87C /* CGGeometry+DPAdditions.m */ = {isa = PBXFileReference; fileEncoding = 4; lastKnownFileType = sourcecode.c.objc; path = "CGGeometry+DPAdditions.m"; sourceTree = "<group>"; };
		71D2E3BB182F2DDE00A3F3C8 /* UIColor+DPAdditions.h */ = {isa = PBXFileReference; fileEncoding = 4; lastKnownFileType = sourcecode.c.h; path = "UIColor+DPAdditions.h"; sourceTree = "<group>"; };
		71D2E3BC182F2DDE00A3F3C8 /* UIColor+DPAdditions.m */ = {isa = PBXFileReference; fileEncoding = 4; lastKnownFileType = sourcecode.c.objc; path = "UIColor+DPAdditions.m"; sourceTree = "<group>"; };
		D25543DD498B4FE391959BD8 /* Pods-DPAdditionsDemoTests.xcconfig */ = {isa = PBXFileReference; includeInIndex = 1; lastKnownFileType = text.xcconfig; name = "Pods-DPAdditionsDemoTests.xcconfig"; path = "Pods/Pods-DPAdditionsDemoTests.xcconfig"; sourceTree = "<group>"; };
		E49F5805023C4F928FF3804F /* libPods-DPAdditionsDemo.a */ = {isa = PBXFileReference; explicitFileType = archive.ar; includeInIndex = 0; path = "libPods-DPAdditionsDemo.a"; sourceTree = BUILT_PRODUCTS_DIR; };
/* End PBXFileReference section */

/* Begin PBXFrameworksBuildPhase section */
		716DAD5F182CAA1B001C4773 /* Frameworks */ = {
			isa = PBXFrameworksBuildPhase;
			buildActionMask = 2147483647;
			files = (
				716DAD68182CAA1B001C4773 /* CoreGraphics.framework in Frameworks */,
				716DAD6A182CAA1B001C4773 /* UIKit.framework in Frameworks */,
				716DAD66182CAA1B001C4773 /* Foundation.framework in Frameworks */,
				DE14A6150E174BFBABD3BCED /* libPods-DPAdditionsDemo.a in Frameworks */,
			);
			runOnlyForDeploymentPostprocessing = 0;
		};
		716DAD7A182CAA1B001C4773 /* Frameworks */ = {
			isa = PBXFrameworksBuildPhase;
			buildActionMask = 2147483647;
			files = (
				716DAD7F182CAA1B001C4773 /* XCTest.framework in Frameworks */,
				716DAD81182CAA1B001C4773 /* UIKit.framework in Frameworks */,
				716DAD80182CAA1B001C4773 /* Foundation.framework in Frameworks */,
				6DDBB0A22BB543DDAFF20B1F /* libPods-DPAdditionsDemoTests.a in Frameworks */,
			);
			runOnlyForDeploymentPostprocessing = 0;
		};
/* End PBXFrameworksBuildPhase section */

/* Begin PBXGroup section */
		71542CA2183269DE0044C631 /* AFNetworking */ = {
			isa = PBXGroup;
			children = (
				71542CA318326A6C0044C631 /* AFHTTPSessionManager+DPAFAdditions.h */,
				71542CA418326A6C0044C631 /* AFHTTPSessionManager+DPAFAdditions.m */,
				71542CA618326A820044C631 /* AFNetworking+DPAdditions.h */,
			);
			path = AFNetworking;
			sourceTree = "<group>";
		};
		716DAD59182CAA1B001C4773 = {
			isa = PBXGroup;
			children = (
				716DAD6B182CAA1B001C4773 /* DPAdditionsDemo */,
				716DAD84182CAA1B001C4773 /* DPAdditionsDemoTests */,
				716DAD64182CAA1B001C4773 /* Frameworks */,
				716DAD63182CAA1B001C4773 /* Products */,
				22AC8A575967438ABAD3E219 /* Pods-DPAdditionsDemo.xcconfig */,
				D25543DD498B4FE391959BD8 /* Pods-DPAdditionsDemoTests.xcconfig */,
			);
			sourceTree = "<group>";
		};
		716DAD63182CAA1B001C4773 /* Products */ = {
			isa = PBXGroup;
			children = (
				716DAD62182CAA1B001C4773 /* DPAdditionsDemo.app */,
				716DAD7D182CAA1B001C4773 /* DPAdditionsDemoTests.xctest */,
			);
			name = Products;
			sourceTree = "<group>";
		};
		716DAD64182CAA1B001C4773 /* Frameworks */ = {
			isa = PBXGroup;
			children = (
				716DAD65182CAA1B001C4773 /* Foundation.framework */,
				716DAD67182CAA1B001C4773 /* CoreGraphics.framework */,
				716DAD69182CAA1B001C4773 /* UIKit.framework */,
				716DAD7E182CAA1B001C4773 /* XCTest.framework */,
				E49F5805023C4F928FF3804F /* libPods-DPAdditionsDemo.a */,
				3797FA7D884A4FC2A8F3BFF2 /* libPods-DPAdditionsDemoTests.a */,
			);
			name = Frameworks;
			sourceTree = "<group>";
		};
		716DAD6B182CAA1B001C4773 /* DPAdditionsDemo */ = {
			isa = PBXGroup;
			children = (
				716DAD94182CAAC3001C4773 /* DPAdditions */,
				716DAD74182CAA1B001C4773 /* DPAppDelegate.h */,
				716DAD75182CAA1B001C4773 /* DPAppDelegate.m */,
				716DAD77182CAA1B001C4773 /* Images.xcassets */,
				716DAD6C182CAA1B001C4773 /* Supporting Files */,
			);
			path = DPAdditionsDemo;
			sourceTree = "<group>";
		};
		716DAD6C182CAA1B001C4773 /* Supporting Files */ = {
			isa = PBXGroup;
			children = (
				716DAD6D182CAA1B001C4773 /* DPAdditionsDemo-Info.plist */,
				716DAD6E182CAA1B001C4773 /* InfoPlist.strings */,
				716DAD71182CAA1B001C4773 /* main.m */,
				716DAD73182CAA1B001C4773 /* DPAdditionsDemo-Prefix.pch */,
			);
			name = "Supporting Files";
			sourceTree = "<group>";
		};
		716DAD84182CAA1B001C4773 /* DPAdditionsDemoTests */ = {
			isa = PBXGroup;
			children = (
				7125D816182D4D2B009E57DE /* DPFoundationAdditionsSpecs.m */,
				718B7B54182D6C530047CEB1 /* DPUIKitAdditionsSpecs.m */,
				716DAD85182CAA1B001C4773 /* Supporting Files */,
			);
			path = DPAdditionsDemoTests;
			sourceTree = "<group>";
		};
		716DAD85182CAA1B001C4773 /* Supporting Files */ = {
			isa = PBXGroup;
			children = (
				716DAD86182CAA1B001C4773 /* DPAdditionsDemoTests-Info.plist */,
				716DAD87182CAA1B001C4773 /* InfoPlist.strings */,
			);
			name = "Supporting Files";
			sourceTree = "<group>";
		};
		716DAD94182CAAC3001C4773 /* DPAdditions */ = {
			isa = PBXGroup;
			children = (
				71542CA2183269DE0044C631 /* AFNetworking */,
				716DAD97182CABB9001C4773 /* DPAdditions.h */,
				716DAD95182CAADD001C4773 /* Foundation */,
				718B4A71182D19B000B8006E /* ReactiveCocoa */,
				716DAD96182CAAEE001C4773 /* UIKit */,
			);
			name = DPAdditions;
			path = ../DPAdditions;
			sourceTree = "<group>";
		};
		716DAD95182CAADD001C4773 /* Foundation */ = {
			isa = PBXGroup;
			children = (
				71A97137183890B70095B87C /* CGGeometry+DPAdditions.h */,
				71A97138183890B70095B87C /* CGGeometry+DPAdditions.m */,
				716DAD98182CAC04001C4773 /* Foundation+DPAdditions.h */,
				716DAD9A182CAC38001C4773 /* NSString+DPAdditions.h */,
				716DAD9B182CAC38001C4773 /* NSString+DPAdditions.m */,
				7126B0F8183313C4008C88F4 /* NSUserDefaults+DPAdditions.h */,
				7126B0F9183313C4008C88F4 /* NSUserDefaults+DPAdditions.m */,
			);
			path = Foundation;
			sourceTree = "<group>";
		};
		716DAD96182CAAEE001C4773 /* UIKit */ = {
			isa = PBXGroup;
			children = (
				716DAD9D182CAE6D001C4773 /* UIBarButtonItem+DPAdditions.h */,
				716DAD9E182CAE6D001C4773 /* UIBarButtonItem+DPAdditions.m */,
				71D2E3BB182F2DDE00A3F3C8 /* UIColor+DPAdditions.h */,
				71D2E3BC182F2DDE00A3F3C8 /* UIColor+DPAdditions.m */,
				716DAD99182CAC14001C4773 /* UIKit+DPAdditions.h */,
				713BCF1818388673003103AF /* UITabBar+DPAdditions.h */,
				713BCF1918388673003103AF /* UITabBar+DPAdditions.m */,
				71542CA718327EA10044C631 /* UITableView+DPAdditions.h */,
				71542CA818327EA10044C631 /* UITableView+DPAdditions.m */,
			);
			path = UIKit;
			sourceTree = "<group>";
		};
		718B4A71182D19B000B8006E /* ReactiveCocoa */ = {
			isa = PBXGroup;
			children = (
				718B4A72182D1A0E00B8006E /* RACSignal+DPRACAdditions.h */,
				718B4A73182D1A0E00B8006E /* RACSignal+DPRACAdditions.m */,
				716AA32E183079A200FD7C66 /* ReactiveCocoa+DPAdditions.h */,
				716AA32B183076CB00FD7C66 /* UITextField+DPRACAdditions.h */,
				716AA32C183076CB00FD7C66 /* UITextField+DPRACAdditions.m */,
			);
			path = ReactiveCocoa;
			sourceTree = "<group>";
		};
/* End PBXGroup section */

/* Begin PBXNativeTarget section */
		716DAD61182CAA1B001C4773 /* DPAdditionsDemo */ = {
			isa = PBXNativeTarget;
			buildConfigurationList = 716DAD8E182CAA1B001C4773 /* Build configuration list for PBXNativeTarget "DPAdditionsDemo" */;
			buildPhases = (
				3E7BB821078C464F9F82346E /* Check Pods Manifest.lock */,
				716DAD5E182CAA1B001C4773 /* Sources */,
				716DAD5F182CAA1B001C4773 /* Frameworks */,
				716DAD60182CAA1B001C4773 /* Resources */,
				0B562F4A87A7467499FB3AA9 /* Copy Pods Resources */,
			);
			buildRules = (
			);
			dependencies = (
			);
			name = DPAdditionsDemo;
			productName = DPAdditionsDemo;
			productReference = 716DAD62182CAA1B001C4773 /* DPAdditionsDemo.app */;
			productType = "com.apple.product-type.application";
		};
		716DAD7C182CAA1B001C4773 /* DPAdditionsDemoTests */ = {
			isa = PBXNativeTarget;
			buildConfigurationList = 716DAD91182CAA1B001C4773 /* Build configuration list for PBXNativeTarget "DPAdditionsDemoTests" */;
			buildPhases = (
				2FDAC181DCC840FBB2E06503 /* Check Pods Manifest.lock */,
				716DAD79182CAA1B001C4773 /* Sources */,
				716DAD7A182CAA1B001C4773 /* Frameworks */,
				716DAD7B182CAA1B001C4773 /* Resources */,
				9BB74A0EAEFE46AD97874C86 /* Copy Pods Resources */,
			);
			buildRules = (
			);
			dependencies = (
				716DAD83182CAA1B001C4773 /* PBXTargetDependency */,
			);
			name = DPAdditionsDemoTests;
			productName = DPAdditionsDemoTests;
			productReference = 716DAD7D182CAA1B001C4773 /* DPAdditionsDemoTests.xctest */;
			productType = "com.apple.product-type.bundle.unit-test";
		};
/* End PBXNativeTarget section */

/* Begin PBXProject section */
		716DAD5A182CAA1B001C4773 /* Project object */ = {
			isa = PBXProject;
			attributes = {
				CLASSPREFIX = DP;
				LastUpgradeCheck = 0500;
				ORGANIZATIONNAME = "DuneParkSoftware, LLC";
				TargetAttributes = {
					716DAD7C182CAA1B001C4773 = {
						TestTargetID = 716DAD61182CAA1B001C4773;
					};
				};
			};
			buildConfigurationList = 716DAD5D182CAA1B001C4773 /* Build configuration list for PBXProject "DPAdditionsDemo" */;
			compatibilityVersion = "Xcode 3.2";
			developmentRegion = English;
			hasScannedForEncodings = 0;
			knownRegions = (
				en,
			);
			mainGroup = 716DAD59182CAA1B001C4773;
			productRefGroup = 716DAD63182CAA1B001C4773 /* Products */;
			projectDirPath = "";
			projectRoot = "";
			targets = (
				716DAD61182CAA1B001C4773 /* DPAdditionsDemo */,
				716DAD7C182CAA1B001C4773 /* DPAdditionsDemoTests */,
			);
		};
/* End PBXProject section */

/* Begin PBXResourcesBuildPhase section */
		716DAD60182CAA1B001C4773 /* Resources */ = {
			isa = PBXResourcesBuildPhase;
			buildActionMask = 2147483647;
			files = (
				716DAD70182CAA1B001C4773 /* InfoPlist.strings in Resources */,
				716DAD78182CAA1B001C4773 /* Images.xcassets in Resources */,
			);
			runOnlyForDeploymentPostprocessing = 0;
		};
		716DAD7B182CAA1B001C4773 /* Resources */ = {
			isa = PBXResourcesBuildPhase;
			buildActionMask = 2147483647;
			files = (
				716DAD89182CAA1B001C4773 /* InfoPlist.strings in Resources */,
			);
			runOnlyForDeploymentPostprocessing = 0;
		};
/* End PBXResourcesBuildPhase section */

/* Begin PBXShellScriptBuildPhase section */
		0B562F4A87A7467499FB3AA9 /* Copy Pods Resources */ = {
			isa = PBXShellScriptBuildPhase;
			buildActionMask = 2147483647;
			files = (
			);
			inputPaths = (
			);
			name = "Copy Pods Resources";
			outputPaths = (
			);
			runOnlyForDeploymentPostprocessing = 0;
			shellPath = /bin/sh;
			shellScript = "\"${SRCROOT}/Pods/Pods-DPAdditionsDemo-resources.sh\"\n";
			showEnvVarsInLog = 0;
		};
		2FDAC181DCC840FBB2E06503 /* Check Pods Manifest.lock */ = {
			isa = PBXShellScriptBuildPhase;
			buildActionMask = 2147483647;
			files = (
			);
			inputPaths = (
			);
			name = "Check Pods Manifest.lock";
			outputPaths = (
			);
			runOnlyForDeploymentPostprocessing = 0;
			shellPath = /bin/sh;
			shellScript = "diff \"${PODS_ROOT}/../Podfile.lock\" \"${PODS_ROOT}/Manifest.lock\" > /dev/null\nif [[ $? != 0 ]] ; then\n    cat << EOM\nerror: The sandbox is not in sync with the Podfile.lock. Run 'pod install' or update your CocoaPods installation.\nEOM\n    exit 1\nfi\n";
			showEnvVarsInLog = 0;
		};
		3E7BB821078C464F9F82346E /* Check Pods Manifest.lock */ = {
			isa = PBXShellScriptBuildPhase;
			buildActionMask = 2147483647;
			files = (
			);
			inputPaths = (
			);
			name = "Check Pods Manifest.lock";
			outputPaths = (
			);
			runOnlyForDeploymentPostprocessing = 0;
			shellPath = /bin/sh;
			shellScript = "diff \"${PODS_ROOT}/../Podfile.lock\" \"${PODS_ROOT}/Manifest.lock\" > /dev/null\nif [[ $? != 0 ]] ; then\n    cat << EOM\nerror: The sandbox is not in sync with the Podfile.lock. Run 'pod install' or update your CocoaPods installation.\nEOM\n    exit 1\nfi\n";
			showEnvVarsInLog = 0;
		};
		9BB74A0EAEFE46AD97874C86 /* Copy Pods Resources */ = {
			isa = PBXShellScriptBuildPhase;
			buildActionMask = 2147483647;
			files = (
			);
			inputPaths = (
			);
			name = "Copy Pods Resources";
			outputPaths = (
			);
			runOnlyForDeploymentPostprocessing = 0;
			shellPath = /bin/sh;
			shellScript = "\"${SRCROOT}/Pods/Pods-DPAdditionsDemoTests-resources.sh\"\n";
			showEnvVarsInLog = 0;
		};
/* End PBXShellScriptBuildPhase section */

/* Begin PBXSourcesBuildPhase section */
		716DAD5E182CAA1B001C4773 /* Sources */ = {
			isa = PBXSourcesBuildPhase;
			buildActionMask = 2147483647;
			files = (
				713BCF1A18388673003103AF /* UITabBar+DPAdditions.m in Sources */,
				716DAD9F182CAE6D001C4773 /* UIBarButtonItem+DPAdditions.m in Sources */,
				7126B0FA183313C4008C88F4 /* NSUserDefaults+DPAdditions.m in Sources */,
				716DAD9C182CAC38001C4773 /* NSString+DPAdditions.m in Sources */,
				71542CA518326A6C0044C631 /* AFHTTPSessionManager+DPAFAdditions.m in Sources */,
				716AA32D183076CB00FD7C66 /* UITextField+DPRACAdditions.m in Sources */,
				718B4A74182D1A0E00B8006E /* RACSignal+DPRACAdditions.m in Sources */,
				716DAD76182CAA1B001C4773 /* DPAppDelegate.m in Sources */,
				716DAD72182CAA1B001C4773 /* main.m in Sources */,
				71D2E3BD182F2DDE00A3F3C8 /* UIColor+DPAdditions.m in Sources */,
				71542CA918327EA10044C631 /* UITableView+DPAdditions.m in Sources */,
				71A97139183890B70095B87C /* CGGeometry+DPAdditions.m in Sources */,
			);
			runOnlyForDeploymentPostprocessing = 0;
		};
		716DAD79182CAA1B001C4773 /* Sources */ = {
			isa = PBXSourcesBuildPhase;
			buildActionMask = 2147483647;
			files = (
				7125D817182D4D2B009E57DE /* DPFoundationAdditionsSpecs.m in Sources */,
				718B7B55182D6C530047CEB1 /* DPUIKitAdditionsSpecs.m in Sources */,
			);
			runOnlyForDeploymentPostprocessing = 0;
		};
/* End PBXSourcesBuildPhase section */

/* Begin PBXTargetDependency section */
		716DAD83182CAA1B001C4773 /* PBXTargetDependency */ = {
			isa = PBXTargetDependency;
			target = 716DAD61182CAA1B001C4773 /* DPAdditionsDemo */;
			targetProxy = 716DAD82182CAA1B001C4773 /* PBXContainerItemProxy */;
		};
/* End PBXTargetDependency section */

/* Begin PBXVariantGroup section */
		716DAD6E182CAA1B001C4773 /* InfoPlist.strings */ = {
			isa = PBXVariantGroup;
			children = (
				716DAD6F182CAA1B001C4773 /* en */,
			);
			name = InfoPlist.strings;
			sourceTree = "<group>";
		};
		716DAD87182CAA1B001C4773 /* InfoPlist.strings */ = {
			isa = PBXVariantGroup;
			children = (
				716DAD88182CAA1B001C4773 /* en */,
			);
			name = InfoPlist.strings;
			sourceTree = "<group>";
		};
/* End PBXVariantGroup section */

/* Begin XCBuildConfiguration section */
		716DAD8C182CAA1B001C4773 /* Debug */ = {
			isa = XCBuildConfiguration;
			buildSettings = {
				ALWAYS_SEARCH_USER_PATHS = NO;
				ARCHS = "$(ARCHS_STANDARD_INCLUDING_64_BIT)";
				CLANG_CXX_LANGUAGE_STANDARD = "gnu++0x";
				CLANG_CXX_LIBRARY = "libc++";
				CLANG_ENABLE_MODULES = YES;
				CLANG_ENABLE_OBJC_ARC = YES;
				CLANG_WARN_BOOL_CONVERSION = YES;
				CLANG_WARN_CONSTANT_CONVERSION = YES;
				CLANG_WARN_DIRECT_OBJC_ISA_USAGE = YES_ERROR;
				CLANG_WARN_EMPTY_BODY = YES;
				CLANG_WARN_ENUM_CONVERSION = YES;
				CLANG_WARN_INT_CONVERSION = YES;
				CLANG_WARN_OBJC_ROOT_CLASS = YES_ERROR;
				CLANG_WARN__DUPLICATE_METHOD_MATCH = YES;
				"CODE_SIGN_IDENTITY[sdk=iphoneos*]" = "iPhone Developer";
				COPY_PHASE_STRIP = NO;
				GCC_C_LANGUAGE_STANDARD = gnu99;
				GCC_DYNAMIC_NO_PIC = NO;
				GCC_OPTIMIZATION_LEVEL = 0;
				GCC_PREPROCESSOR_DEFINITIONS = (
					"DEBUG=1",
					"$(inherited)",
				);
				GCC_SYMBOLS_PRIVATE_EXTERN = NO;
				GCC_WARN_64_TO_32_BIT_CONVERSION = YES;
				GCC_WARN_ABOUT_RETURN_TYPE = YES_ERROR;
				GCC_WARN_UNDECLARED_SELECTOR = YES;
				GCC_WARN_UNINITIALIZED_AUTOS = YES;
				GCC_WARN_UNUSED_FUNCTION = YES;
				GCC_WARN_UNUSED_VARIABLE = YES;
				IPHONEOS_DEPLOYMENT_TARGET = 7.0;
				ONLY_ACTIVE_ARCH = YES;
				SDKROOT = iphoneos;
				TARGETED_DEVICE_FAMILY = "1,2";
			};
			name = Debug;
		};
		716DAD8D182CAA1B001C4773 /* Release */ = {
			isa = XCBuildConfiguration;
			buildSettings = {
				ALWAYS_SEARCH_USER_PATHS = NO;
				ARCHS = "$(ARCHS_STANDARD_INCLUDING_64_BIT)";
				CLANG_CXX_LANGUAGE_STANDARD = "gnu++0x";
				CLANG_CXX_LIBRARY = "libc++";
				CLANG_ENABLE_MODULES = YES;
				CLANG_ENABLE_OBJC_ARC = YES;
				CLANG_WARN_BOOL_CONVERSION = YES;
				CLANG_WARN_CONSTANT_CONVERSION = YES;
				CLANG_WARN_DIRECT_OBJC_ISA_USAGE = YES_ERROR;
				CLANG_WARN_EMPTY_BODY = YES;
				CLANG_WARN_ENUM_CONVERSION = YES;
				CLANG_WARN_INT_CONVERSION = YES;
				CLANG_WARN_OBJC_ROOT_CLASS = YES_ERROR;
				CLANG_WARN__DUPLICATE_METHOD_MATCH = YES;
				"CODE_SIGN_IDENTITY[sdk=iphoneos*]" = "iPhone Developer";
				COPY_PHASE_STRIP = YES;
				ENABLE_NS_ASSERTIONS = NO;
				GCC_C_LANGUAGE_STANDARD = gnu99;
				GCC_WARN_64_TO_32_BIT_CONVERSION = YES;
				GCC_WARN_ABOUT_RETURN_TYPE = YES_ERROR;
				GCC_WARN_UNDECLARED_SELECTOR = YES;
				GCC_WARN_UNINITIALIZED_AUTOS = YES;
				GCC_WARN_UNUSED_FUNCTION = YES;
				GCC_WARN_UNUSED_VARIABLE = YES;
				IPHONEOS_DEPLOYMENT_TARGET = 7.0;
				SDKROOT = iphoneos;
				TARGETED_DEVICE_FAMILY = "1,2";
				VALIDATE_PRODUCT = YES;
			};
			name = Release;
		};
		716DAD8F182CAA1B001C4773 /* Debug */ = {
			isa = XCBuildConfiguration;
			baseConfigurationReference = 22AC8A575967438ABAD3E219 /* Pods-DPAdditionsDemo.xcconfig */;
			buildSettings = {
				ASSETCATALOG_COMPILER_APPICON_NAME = AppIcon;
				ASSETCATALOG_COMPILER_LAUNCHIMAGE_NAME = LaunchImage;
				GCC_PRECOMPILE_PREFIX_HEADER = YES;
				GCC_PREFIX_HEADER = "DPAdditionsDemo/DPAdditionsDemo-Prefix.pch";
				INFOPLIST_FILE = "DPAdditionsDemo/DPAdditionsDemo-Info.plist";
				PRODUCT_NAME = "$(TARGET_NAME)";
				WRAPPER_EXTENSION = app;
			};
			name = Debug;
		};
		716DAD90182CAA1B001C4773 /* Release */ = {
			isa = XCBuildConfiguration;
			baseConfigurationReference = 22AC8A575967438ABAD3E219 /* Pods-DPAdditionsDemo.xcconfig */;
			buildSettings = {
				ASSETCATALOG_COMPILER_APPICON_NAME = AppIcon;
				ASSETCATALOG_COMPILER_LAUNCHIMAGE_NAME = LaunchImage;
				GCC_PRECOMPILE_PREFIX_HEADER = YES;
				GCC_PREFIX_HEADER = "DPAdditionsDemo/DPAdditionsDemo-Prefix.pch";
				INFOPLIST_FILE = "DPAdditionsDemo/DPAdditionsDemo-Info.plist";
				PRODUCT_NAME = "$(TARGET_NAME)";
				WRAPPER_EXTENSION = app;
			};
			name = Release;
		};
		716DAD92182CAA1B001C4773 /* Debug */ = {
			isa = XCBuildConfiguration;
			baseConfigurationReference = D25543DD498B4FE391959BD8 /* Pods-DPAdditionsDemoTests.xcconfig */;
			buildSettings = {
				ARCHS = "$(ARCHS_STANDARD_INCLUDING_64_BIT)";
				BUNDLE_LOADER = "$(BUILT_PRODUCTS_DIR)/DPAdditionsDemo.app/DPAdditionsDemo";
				FRAMEWORK_SEARCH_PATHS = (
					"$(SDKROOT)/Developer/Library/Frameworks",
					"$(inherited)",
					"$(DEVELOPER_FRAMEWORKS_DIR)",
				);
				GCC_PRECOMPILE_PREFIX_HEADER = YES;
				GCC_PREFIX_HEADER = "DPAdditionsDemo/DPAdditionsDemo-Prefix.pch";
				GCC_PREPROCESSOR_DEFINITIONS = (
					"DEBUG=1",
					"$(inherited)",
				);
				INFOPLIST_FILE = "DPAdditionsDemoTests/DPAdditionsDemoTests-Info.plist";
				PRODUCT_NAME = "$(TARGET_NAME)";
				TEST_HOST = "$(BUNDLE_LOADER)";
				WRAPPER_EXTENSION = xctest;
			};
			name = Debug;
		};
		716DAD93182CAA1B001C4773 /* Release */ = {
			isa = XCBuildConfiguration;
			baseConfigurationReference = D25543DD498B4FE391959BD8 /* Pods-DPAdditionsDemoTests.xcconfig */;
			buildSettings = {
				ARCHS = "$(ARCHS_STANDARD_INCLUDING_64_BIT)";
				BUNDLE_LOADER = "$(BUILT_PRODUCTS_DIR)/DPAdditionsDemo.app/DPAdditionsDemo";
				FRAMEWORK_SEARCH_PATHS = (
					"$(SDKROOT)/Developer/Library/Frameworks",
					"$(inherited)",
					"$(DEVELOPER_FRAMEWORKS_DIR)",
				);
				GCC_PRECOMPILE_PREFIX_HEADER = YES;
				GCC_PREFIX_HEADER = "DPAdditionsDemo/DPAdditionsDemo-Prefix.pch";
				INFOPLIST_FILE = "DPAdditionsDemoTests/DPAdditionsDemoTests-Info.plist";
				PRODUCT_NAME = "$(TARGET_NAME)";
				TEST_HOST = "$(BUNDLE_LOADER)";
				WRAPPER_EXTENSION = xctest;
			};
			name = Release;
		};
/* End XCBuildConfiguration section */

/* Begin XCConfigurationList section */
		716DAD5D182CAA1B001C4773 /* Build configuration list for PBXProject "DPAdditionsDemo" */ = {
			isa = XCConfigurationList;
			buildConfigurations = (
				716DAD8C182CAA1B001C4773 /* Debug */,
				716DAD8D182CAA1B001C4773 /* Release */,
			);
			defaultConfigurationIsVisible = 0;
			defaultConfigurationName = Release;
		};
		716DAD8E182CAA1B001C4773 /* Build configuration list for PBXNativeTarget "DPAdditionsDemo" */ = {
			isa = XCConfigurationList;
			buildConfigurations = (
				716DAD8F182CAA1B001C4773 /* Debug */,
				716DAD90182CAA1B001C4773 /* Release */,
			);
			defaultConfigurationIsVisible = 0;
			defaultConfigurationName = Release;
		};
		716DAD91182CAA1B001C4773 /* Build configuration list for PBXNativeTarget "DPAdditionsDemoTests" */ = {
			isa = XCConfigurationList;
			buildConfigurations = (
				716DAD92182CAA1B001C4773 /* Debug */,
				716DAD93182CAA1B001C4773 /* Release */,
			);
			defaultConfigurationIsVisible = 0;
			defaultConfigurationName = Release;
		};
/* End XCConfigurationList section */
	};
	rootObject = 716DAD5A182CAA1B001C4773 /* Project object */;
}
